
Microsoft Visual Studio Solution File, Format Version 12.00
# Visual Studio Version 17
VisualStudioVersion = 17.11.35312.102
MinimumVisualStudioVersion = 10.0.40219.1
Project("{FAE04EC0-301F-11D3-BF4B-00C04F79EFBC}") = "Worksheet3", "Worksheet3\Worksheet3.csproj", "{E07E35C9-8941-4C67-8D8A-60E9A7C0C848}"
EndProject
Global
	GlobalSection(SolutionConfigurationPlatforms) = preSolution
		Debug|Any CPU = Debug|Any CPU
		Release|Any CPU = Release|Any CPU
	EndGlobalSection
	GlobalSection(ProjectConfigurationPlatforms) = postSolution
		{E07E35C9-8941-4C67-8D8A-60E9A7C0C848}.Debug|Any CPU.ActiveCfg = Debug|Any CPU
		{E07E35C9-8941-4C67-8D8A-60E9A7C0C848}.Debug|Any CPU.Build.0 = Debug|Any CPU
		{E07E35C9-8941-4C67-8D8A-60E9A7C0C848}.Release|Any CPU.ActiveCfg = Release|Any CPU
		{E07E35C9-8941-4C67-8D8A-60E9A7C0C848}.Release|Any CPU.Build.0 = Release|Any CPU
	EndGlobalSection
	GlobalSection(SolutionProperties) = preSolution
		HideSolutionNode = FALSE
	EndGlobalSection
	GlobalSection(ExtensibilityGlobals) = postSolution
		SolutionGuid = {6FDEA0C6-B0FE-4FEC-886B-98EF5048D91C}
	EndGlobalSection
EndGlobal
