
Microsoft Visual Studio Solution File, Format Version 12.00
# Visual Studio Version 17
VisualStudioVersion = 17.11.35312.102
MinimumVisualStudioVersion = 10.0.40219.1
Project("{FAE04EC0-301F-11D3-BF4B-00C04F79EFBC}") = "PairOfDice", "PairOfDice\PairOfDice.csproj", "{CD5D9CEF-DE0C-4E47-8A7D-2E5FBB96CA54}"
EndProject
Global
	GlobalSection(SolutionConfigurationPlatforms) = preSolution
		Debug|Any CPU = Debug|Any CPU
		Release|Any CPU = Release|Any CPU
	EndGlobalSection
	GlobalSection(ProjectConfigurationPlatforms) = postSolution
		{CD5D9CEF-DE0C-4E47-8A7D-2E5FBB96CA54}.Debug|Any CPU.ActiveCfg = Debug|Any CPU
		{CD5D9CEF-DE0C-4E47-8A7D-2E5FBB96CA54}.Debug|Any CPU.Build.0 = Debug|Any CPU
		{CD5D9CEF-DE0C-4E47-8A7D-2E5FBB96CA54}.Release|Any CPU.ActiveCfg = Release|Any CPU
		{CD5D9CEF-DE0C-4E47-8A7D-2E5FBB96CA54}.Release|Any CPU.Build.0 = Release|Any CPU
	EndGlobalSection
	GlobalSection(SolutionProperties) = preSolution
		HideSolutionNode = FALSE
	EndGlobalSection
	GlobalSection(ExtensibilityGlobals) = postSolution
		SolutionGuid = {D5D31DED-D8EF-49CC-8736-31BDB2F4B5E1}
	EndGlobalSection
EndGlobal
