
Microsoft Visual Studio Solution File, Format Version 12.00
# Visual Studio Version 17
VisualStudioVersion = 17.11.35312.102
MinimumVisualStudioVersion = 10.0.40219.1
Project("{FAE04EC0-301F-11D3-BF4B-00C04F79EFBC}") = "Worksheet2", "Worksheet2\Worksheet2.csproj", "{F7FE4E7E-9627-4271-8C0B-497AF8EB5E15}"
EndProject
Global
	GlobalSection(SolutionConfigurationPlatforms) = preSolution
		Debug|Any CPU = Debug|Any CPU
		Release|Any CPU = Release|Any CPU
	EndGlobalSection
	GlobalSection(ProjectConfigurationPlatforms) = postSolution
		{F7FE4E7E-9627-4271-8C0B-497AF8EB5E15}.Debug|Any CPU.ActiveCfg = Debug|Any CPU
		{F7FE4E7E-9627-4271-8C0B-497AF8EB5E15}.Debug|Any CPU.Build.0 = Debug|Any CPU
		{F7FE4E7E-9627-4271-8C0B-497AF8EB5E15}.Release|Any CPU.ActiveCfg = Release|Any CPU
		{F7FE4E7E-9627-4271-8C0B-497AF8EB5E15}.Release|Any CPU.Build.0 = Release|Any CPU
	EndGlobalSection
	GlobalSection(SolutionProperties) = preSolution
		HideSolutionNode = FALSE
	EndGlobalSection
	GlobalSection(ExtensibilityGlobals) = postSolution
		SolutionGuid = {F3EDF372-3300-4EAD-99CF-01F81E8454E0}
	EndGlobalSection
EndGlobal
