
Microsoft Visual Studio Solution File, Format Version 12.00
# Visual Studio Version 17
VisualStudioVersion = 17.6.33829.357
MinimumVisualStudioVersion = 10.0.40219.1
Project("{FAE04EC0-301F-11D3-BF4B-00C04F79EFBC}") = "Demo6Strings", "Demo6Strings\Demo6Strings.csproj", "{FCA4FE05-E0B2-4B34-8DA8-0731CD625133}"
EndProject
Global
	GlobalSection(SolutionConfigurationPlatforms) = preSolution
		Debug|Any CPU = Debug|Any CPU
		Release|Any CPU = Release|Any CPU
	EndGlobalSection
	GlobalSection(ProjectConfigurationPlatforms) = postSolution
		{FCA4FE05-E0B2-4B34-8DA8-0731CD625133}.Debug|Any CPU.ActiveCfg = Debug|Any CPU
		{FCA4FE05-E0B2-4B34-8DA8-0731CD625133}.Debug|Any CPU.Build.0 = Debug|Any CPU
		{FCA4FE05-E0B2-4B34-8DA8-0731CD625133}.Release|Any CPU.ActiveCfg = Release|Any CPU
		{FCA4FE05-E0B2-4B34-8DA8-0731CD625133}.Release|Any CPU.Build.0 = Release|Any CPU
	EndGlobalSection
	GlobalSection(SolutionProperties) = preSolution
		HideSolutionNode = FALSE
	EndGlobalSection
	GlobalSection(ExtensibilityGlobals) = postSolution
		SolutionGuid = {FA2F3EDC-CCF3-4FB7-ABF0-56E6C974DB03}
	EndGlobalSection
EndGlobal
