
Microsoft Visual Studio Solution File, Format Version 12.00
# Visual Studio Version 17
VisualStudioVersion = 17.11.35312.102
MinimumVisualStudioVersion = 10.0.40219.1
Project("{FAE04EC0-301F-11D3-BF4B-00C04F79EFBC}") = "listofnames", "listofnames\listofnames.csproj", "{AAA7430B-3368-4138-8939-4D07E57CA1EF}"
EndProject
Global
	GlobalSection(SolutionConfigurationPlatforms) = preSolution
		Debug|Any CPU = Debug|Any CPU
		Release|Any CPU = Release|Any CPU
	EndGlobalSection
	GlobalSection(ProjectConfigurationPlatforms) = postSolution
		{AAA7430B-3368-4138-8939-4D07E57CA1EF}.Debug|Any CPU.ActiveCfg = Debug|Any CPU
		{AAA7430B-3368-4138-8939-4D07E57CA1EF}.Debug|Any CPU.Build.0 = Debug|Any CPU
		{AAA7430B-3368-4138-8939-4D07E57CA1EF}.Release|Any CPU.ActiveCfg = Release|Any CPU
		{AAA7430B-3368-4138-8939-4D07E57CA1EF}.Release|Any CPU.Build.0 = Release|Any CPU
	EndGlobalSection
	GlobalSection(SolutionProperties) = preSolution
		HideSolutionNode = FALSE
	EndGlobalSection
	GlobalSection(ExtensibilityGlobals) = postSolution
		SolutionGuid = {D85A9AB4-3E54-4424-A945-D344AE7E52E0}
	EndGlobalSection
EndGlobal
